// !$*UTF8*$!
{
	archiveVersion = 1;
	classes = {
	};
	objectVersion = 50;
	objects = {

/* Begin PBXBuildFile section */
		666B842125A0CE6A008AA366 /* MinimalWeatherApp.swift in Sources */ = {isa = PBXBuildFile; fileRef = 666B842025A0CE6A008AA366 /* MinimalWeatherApp.swift */; };
		666B842325A0CE6A008AA366 /* WeatherView.swift in Sources */ = {isa = PBXBuildFile; fileRef = 666B842225A0CE6A008AA366 /* WeatherView.swift */; };
		666B842525A0CE6C008AA366 /* Assets.xcassets in Resources */ = {isa = PBXBuildFile; fileRef = 666B842425A0CE6C008AA366 /* Assets.xcassets */; };
		666B842825A0CE6C008AA366 /* Preview Assets.xcassets in Resources */ = {isa = PBXBuildFile; fileRef = 666B842725A0CE6C008AA366 /* Preview Assets.xcassets */; };
		666B843325A0CE6C008AA366 /* MinimalWeatherTests.swift in Sources */ = {isa = PBXBuildFile; fileRef = 666B843225A0CE6C008AA366 /* MinimalWeatherTests.swift */; };
		666B843E25A0CE6C008AA366 /* MinimalWeatherUITests.swift in Sources */ = {isa = PBXBuildFile; fileRef = 666B843D25A0CE6C008AA366 /* MinimalWeatherUITests.swift */; };
		666B844F25A0D85C008AA366 /* WeatherService.swift in Sources */ = {isa = PBXBuildFile; fileRef = 666B844E25A0D85C008AA366 /* WeatherService.swift */; };
		666B845425A0DC3F008AA366 /* Weather.swift in Sources */ = {isa = PBXBuildFile; fileRef = 666B845325A0DC3F008AA366 /* Weather.swift */; };
		666B845C25A1B2B6008AA366 /* WeatherViewModel.swift in Sources */ = {isa = PBXBuildFile; fileRef = 666B845B25A1B2B6008AA366 /* WeatherViewModel.swift */; };
/* End PBXBuildFile section */

/* Begin PBXContainerItemProxy section */
		666B842F25A0CE6C008AA366 /* PBXContainerItemProxy */ = {
			isa = PBXContainerItemProxy;
			containerPortal = 666B841525A0CE6A008AA366 /* Project object */;
			proxyType = 1;
			remoteGlobalIDString = 666B841C25A0CE6A008AA366;
			remoteInfo = MinimalWeather;
		};
		666B843A25A0CE6C008AA366 /* PBXContainerItemProxy */ = {
			isa = PBXContainerItemProxy;
			containerPortal = 666B841525A0CE6A008AA366 /* Project object */;
			proxyType = 1;
			remoteGlobalIDString = 666B841C25A0CE6A008AA366;
			remoteInfo = MinimalWeather;
		};
/* End PBXContainerItemProxy section */

/* Begin PBXFileReference section */
		666B841D25A0CE6A008AA366 /* MinimalWeather.app */ = {isa = PBXFileReference; explicitFileType = wrapper.application; includeInIndex = 0; path = MinimalWeather.app; sourceTree = BUILT_PRODUCTS_DIR; };
		666B842025A0CE6A008AA366 /* MinimalWeatherApp.swift */ = {isa = PBXFileReference; lastKnownFileType = sourcecode.swift; path = MinimalWeatherApp.swift; sourceTree = "<group>"; };
		666B842225A0CE6A008AA366 /* WeatherView.swift */ = {isa = PBXFileReference; lastKnownFileType = sourcecode.swift; path = WeatherView.swift; sourceTree = "<group>"; };
		666B842425A0CE6C008AA366 /* Assets.xcassets */ = {isa = PBXFileReference; lastKnownFileType = folder.assetcatalog; path = Assets.xcassets; sourceTree = "<group>"; };
		666B842725A0CE6C008AA366 /* Preview Assets.xcassets */ = {isa = PBXFileReference; lastKnownFileType = folder.assetcatalog; path = "Preview Assets.xcassets"; sourceTree = "<group>"; };
		666B842925A0CE6C008AA366 /* Info.plist */ = {isa = PBXFileReference; lastKnownFileType = text.plist.xml; path = Info.plist; sourceTree = "<group>"; };
		666B842E25A0CE6C008AA366 /* MinimalWeatherTests.xctest */ = {isa = PBXFileReference; explicitFileType = wrapper.cfbundle; includeInIndex = 0; path = MinimalWeatherTests.xctest; sourceTree = BUILT_PRODUCTS_DIR; };
		666B843225A0CE6C008AA366 /* MinimalWeatherTests.swift */ = {isa = PBXFileReference; lastKnownFileType = sourcecode.swift; path = MinimalWeatherTests.swift; sourceTree = "<group>"; };
		666B843425A0CE6C008AA366 /* Info.plist */ = {isa = PBXFileReference; lastKnownFileType = text.plist.xml; path = Info.plist; sourceTree = "<group>"; };
		666B843925A0CE6C008AA366 /* MinimalWeatherUITests.xctest */ = {isa = PBXFileReference; explicitFileType = wrapper.cfbundle; includeInIndex = 0; path = MinimalWeatherUITests.xctest; sourceTree = BUILT_PRODUCTS_DIR; };
		666B843D25A0CE6C008AA366 /* MinimalWeatherUITests.swift */ = {isa = PBXFileReference; lastKnownFileType = sourcecode.swift; path = MinimalWeatherUITests.swift; sourceTree = "<group>"; };
		666B843F25A0CE6C008AA366 /* Info.plist */ = {isa = PBXFileReference; lastKnownFileType = text.plist.xml; path = Info.plist; sourceTree = "<group>"; };
		666B844E25A0D85C008AA366 /* WeatherService.swift */ = {isa = PBXFileReference; lastKnownFileType = sourcecode.swift; path = WeatherService.swift; sourceTree = "<group>"; };
		666B845325A0DC3F008AA366 /* Weather.swift */ = {isa = PBXFileReference; lastKnownFileType = sourcecode.swift; path = Weather.swift; sourceTree = "<group>"; };
		666B845B25A1B2B6008AA366 /* WeatherViewModel.swift */ = {isa = PBXFileReference; lastKnownFileType = sourcecode.swift; path = WeatherViewModel.swift; sourceTree = "<group>"; };
/* End PBXFileReference section */

/* Begin PBXFrameworksBuildPhase section */
		666B841A25A0CE6A008AA366 /* Frameworks */ = {
			isa = PBXFrameworksBuildPhase;
			buildActionMask = 2147483647;
			files = (
			);
			runOnlyForDeploymentPostprocessing = 0;
		};
		666B842B25A0CE6C008AA366 /* Frameworks */ = {
			isa = PBXFrameworksBuildPhase;
			buildActionMask = 2147483647;
			files = (
			);
			runOnlyForDeploymentPostprocessing = 0;
		};
		666B843625A0CE6C008AA366 /* Frameworks */ = {
			isa = PBXFrameworksBuildPhase;
			buildActionMask = 2147483647;
			files = (
			);
			runOnlyForDeploymentPostprocessing = 0;
		};
/* End PBXFrameworksBuildPhase section */

/* Begin PBXGroup section */
		666B841425A0CE6A008AA366 = {
			isa = PBXGroup;
			children = (
				666B841F25A0CE6A008AA366 /* MinimalWeather */,
				666B843125A0CE6C008AA366 /* MinimalWeatherTests */,
				666B843C25A0CE6C008AA366 /* MinimalWeatherUITests */,
				666B841E25A0CE6A008AA366 /* Products */,
			);
			sourceTree = "<group>";
		};
		666B841E25A0CE6A008AA366 /* Products */ = {
			isa = PBXGroup;
			children = (
				666B841D25A0CE6A008AA366 /* MinimalWeather.app */,
				666B842E25A0CE6C008AA366 /* MinimalWeatherTests.xctest */,
				666B843925A0CE6C008AA366 /* MinimalWeatherUITests.xctest */,
			);
			name = Products;
			sourceTree = "<group>";
		};
		666B841F25A0CE6A008AA366 /* MinimalWeather */ = {
			isa = PBXGroup;
			children = (
				666B842025A0CE6A008AA366 /* MinimalWeatherApp.swift */,
				666B842225A0CE6A008AA366 /* WeatherView.swift */,
				666B844E25A0D85C008AA366 /* WeatherService.swift */,
				666B845B25A1B2B6008AA366 /* WeatherViewModel.swift */,
				666B845325A0DC3F008AA366 /* Weather.swift */,
				666B842425A0CE6C008AA366 /* Assets.xcassets */,
				666B842925A0CE6C008AA366 /* Info.plist */,
				666B842625A0CE6C008AA366 /* Preview Content */,
			);
			path = MinimalWeather;
			sourceTree = "<group>";
		};
		666B842625A0CE6C008AA366 /* Preview Content */ = {
			isa = PBXGroup;
			children = (
				666B842725A0CE6C008AA366 /* Preview Assets.xcassets */,
			);
			path = "Preview Content";
			sourceTree = "<group>";
		};
		666B843125A0CE6C008AA366 /* MinimalWeatherTests */ = {
			isa = PBXGroup;
			children = (
				666B843225A0CE6C008AA366 /* MinimalWeatherTests.swift */,
				666B843425A0CE6C008AA366 /* Info.plist */,
			);
			path = MinimalWeatherTests;
			sourceTree = "<group>";
		};
		666B843C25A0CE6C008AA366 /* MinimalWeatherUITests */ = {
			isa = PBXGroup;
			children = (
				666B843D25A0CE6C008AA366 /* MinimalWeatherUITests.swift */,
				666B843F25A0CE6C008AA366 /* Info.plist */,
			);
			path = MinimalWeatherUITests;
			sourceTree = "<group>";
		};
/* End PBXGroup section */

/* Begin PBXNativeTarget section */
		666B841C25A0CE6A008AA366 /* MinimalWeather */ = {
			isa = PBXNativeTarget;
			buildConfigurationList = 666B844225A0CE6C008AA366 /* Build configuration list for PBXNativeTarget "MinimalWeather" */;
			buildPhases = (
				666B841925A0CE6A008AA366 /* Sources */,
				666B841A25A0CE6A008AA366 /* Frameworks */,
				666B841B25A0CE6A008AA366 /* Resources */,
			);
			buildRules = (
			);
			dependencies = (
			);
			name = MinimalWeather;
			productName = MinimalWeather;
			productReference = 666B841D25A0CE6A008AA366 /* MinimalWeather.app */;
			productType = "com.apple.product-type.application";
		};
		666B842D25A0CE6C008AA366 /* MinimalWeatherTests */ = {
			isa = PBXNativeTarget;
			buildConfigurationList = 666B844525A0CE6C008AA366 /* Build configuration list for PBXNativeTarget "MinimalWeatherTests" */;
			buildPhases = (
				666B842A25A0CE6C008AA366 /* Sources */,
				666B842B25A0CE6C008AA366 /* Frameworks */,
				666B842C25A0CE6C008AA366 /* Resources */,
			);
			buildRules = (
			);
			dependencies = (
				666B843025A0CE6C008AA366 /* PBXTargetDependency */,
			);
			name = MinimalWeatherTests;
			productName = MinimalWeatherTests;
			productReference = 666B842E25A0CE6C008AA366 /* MinimalWeatherTests.xctest */;
			productType = "com.apple.product-type.bundle.unit-test";
		};
		666B843825A0CE6C008AA366 /* MinimalWeatherUITests */ = {
			isa = PBXNativeTarget;
			buildConfigurationList = 666B844825A0CE6C008AA366 /* Build configuration list for PBXNativeTarget "MinimalWeatherUITests" */;
			buildPhases = (
				666B843525A0CE6C008AA366 /* Sources */,
				666B843625A0CE6C008AA366 /* Frameworks */,
				666B843725A0CE6C008AA366 /* Resources */,
			);
			buildRules = (
			);
			dependencies = (
				666B843B25A0CE6C008AA366 /* PBXTargetDependency */,
			);
			name = MinimalWeatherUITests;
			productName = MinimalWeatherUITests;
			productReference = 666B843925A0CE6C008AA366 /* MinimalWeatherUITests.xctest */;
			productType = "com.apple.product-type.bundle.ui-testing";
		};
/* End PBXNativeTarget section */

/* Begin PBXProject section */
		666B841525A0CE6A008AA366 /* Project object */ = {
			isa = PBXProject;
			attributes = {
				LastSwiftUpdateCheck = 1230;
				LastUpgradeCheck = 1230;
				TargetAttributes = {
					666B841C25A0CE6A008AA366 = {
						CreatedOnToolsVersion = 12.3;
					};
					666B842D25A0CE6C008AA366 = {
						CreatedOnToolsVersion = 12.3;
						TestTargetID = 666B841C25A0CE6A008AA366;
					};
					666B843825A0CE6C008AA366 = {
						CreatedOnToolsVersion = 12.3;
						TestTargetID = 666B841C25A0CE6A008AA366;
					};
				};
			};
			buildConfigurationList = 666B841825A0CE6A008AA366 /* Build configuration list for PBXProject "MinimalWeather" */;
			compatibilityVersion = "Xcode 9.3";
			developmentRegion = en;
			hasScannedForEncodings = 0;
			knownRegions = (
				en,
				Base,
			);
			mainGroup = 666B841425A0CE6A008AA366;
			productRefGroup = 666B841E25A0CE6A008AA366 /* Products */;
			projectDirPath = "";
			projectRoot = "";
			targets = (
				666B841C25A0CE6A008AA366 /* MinimalWeather */,
				666B842D25A0CE6C008AA366 /* MinimalWeatherTests */,
				666B843825A0CE6C008AA366 /* MinimalWeatherUITests */,
			);
		};
/* End PBXProject section */

/* Begin PBXResourcesBuildPhase section */
		666B841B25A0CE6A008AA366 /* Resources */ = {
			isa = PBXResourcesBuildPhase;
			buildActionMask = 2147483647;
			files = (
				666B842825A0CE6C008AA366 /* Preview Assets.xcassets in Resources */,
				666B842525A0CE6C008AA366 /* Assets.xcassets in Resources */,
			);
			runOnlyForDeploymentPostprocessing = 0;
		};
		666B842C25A0CE6C008AA366 /* Resources */ = {
			isa = PBXResourcesBuildPhase;
			buildActionMask = 2147483647;
			files = (
			);
			runOnlyForDeploymentPostprocessing = 0;
		};
		666B843725A0CE6C008AA366 /* Resources */ = {
			isa = PBXResourcesBuildPhase;
			buildActionMask = 2147483647;
			files = (
			);
			runOnlyForDeploymentPostprocessing = 0;
		};
/* End PBXResourcesBuildPhase section */

/* Begin PBXSourcesBuildPhase section */
		666B841925A0CE6A008AA366 /* Sources */ = {
			isa = PBXSourcesBuildPhase;
			buildActionMask = 2147483647;
			files = (
				666B845C25A1B2B6008AA366 /* WeatherViewModel.swift in Sources */,
				666B845425A0DC3F008AA366 /* Weather.swift in Sources */,
				666B842325A0CE6A008AA366 /* WeatherView.swift in Sources */,
				666B844F25A0D85C008AA366 /* WeatherService.swift in Sources */,
				666B842125A0CE6A008AA366 /* MinimalWeatherApp.swift in Sources */,
			);
			runOnlyForDeploymentPostprocessing = 0;
		};
		666B842A25A0CE6C008AA366 /* Sources */ = {
			isa = PBXSourcesBuildPhase;
			buildActionMask = 2147483647;
			files = (
				666B843325A0CE6C008AA366 /* MinimalWeatherTests.swift in Sources */,
			);
			runOnlyForDeploymentPostprocessing = 0;
		};
		666B843525A0CE6C008AA366 /* Sources */ = {
			isa = PBXSourcesBuildPhase;
			buildActionMask = 2147483647;
			files = (
				666B843E25A0CE6C008AA366 /* MinimalWeatherUITests.swift in Sources */,
			);
			runOnlyForDeploymentPostprocessing = 0;
		};
/* End PBXSourcesBuildPhase section */

/* Begin PBXTargetDependency section */
		666B843025A0CE6C008AA366 /* PBXTargetDependency */ = {
			isa = PBXTargetDependency;
			target = 666B841C25A0CE6A008AA366 /* MinimalWeather */;
			targetProxy = 666B842F25A0CE6C008AA366 /* PBXContainerItemProxy */;
		};
		666B843B25A0CE6C008AA366 /* PBXTargetDependency */ = {
			isa = PBXTargetDependency;
			target = 666B841C25A0CE6A008AA366 /* MinimalWeather */;
			targetProxy = 666B843A25A0CE6C008AA366 /* PBXContainerItemProxy */;
		};
/* End PBXTargetDependency section */

/* Begin XCBuildConfiguration section */
		666B844025A0CE6C008AA366 /* Debug */ = {
			isa = XCBuildConfiguration;
			buildSettings = {
				ALWAYS_SEARCH_USER_PATHS = NO;
				CLANG_ANALYZER_NONNULL = YES;
				CLANG_ANALYZER_NUMBER_OBJECT_CONVERSION = YES_AGGRESSIVE;
				CLANG_CXX_LANGUAGE_STANDARD = "gnu++14";
				CLANG_CXX_LIBRARY = "libc++";
				CLANG_ENABLE_MODULES = YES;
				CLANG_ENABLE_OBJC_ARC = YES;
				CLANG_ENABLE_OBJC_WEAK = YES;
				CLANG_WARN_BLOCK_CAPTURE_AUTORELEASING = YES;
				CLANG_WARN_BOOL_CONVERSION = YES;
				CLANG_WARN_COMMA = YES;
				CLANG_WARN_CONSTANT_CONVERSION = YES;
				CLANG_WARN_DEPRECATED_OBJC_IMPLEMENTATIONS = YES;
				CLANG_WARN_DIRECT_OBJC_ISA_USAGE = YES_ERROR;
				CLANG_WARN_DOCUMENTATION_COMMENTS = YES;
				CLANG_WARN_EMPTY_BODY = YES;
				CLANG_WARN_ENUM_CONVERSION = YES;
				CLANG_WARN_INFINITE_RECURSION = YES;
				CLANG_WARN_INT_CONVERSION = YES;
				CLANG_WARN_NON_LITERAL_NULL_CONVERSION = YES;
				CLANG_WARN_OBJC_IMPLICIT_RETAIN_SELF = YES;
				CLANG_WARN_OBJC_LITERAL_CONVERSION = YES;
				CLANG_WARN_OBJC_ROOT_CLASS = YES_ERROR;
				CLANG_WARN_QUOTED_INCLUDE_IN_FRAMEWORK_HEADER = YES;
				CLANG_WARN_RANGE_LOOP_ANALYSIS = YES;
				CLANG_WARN_STRICT_PROTOTYPES = YES;
				CLANG_WARN_SUSPICIOUS_MOVE = YES;
				CLANG_WARN_UNGUARDED_AVAILABILITY = YES_AGGRESSIVE;
				CLANG_WARN_UNREACHABLE_CODE = YES;
				CLANG_WARN__DUPLICATE_METHOD_MATCH = YES;
				COPY_PHASE_STRIP = NO;
				DEBUG_INFORMATION_FORMAT = dwarf;
				ENABLE_STRICT_OBJC_MSGSEND = YES;
				ENABLE_TESTABILITY = YES;
				GCC_C_LANGUAGE_STANDARD = gnu11;
				GCC_DYNAMIC_NO_PIC = NO;
				GCC_NO_COMMON_BLOCKS = YES;
				GCC_OPTIMIZATION_LEVEL = 0;
				GCC_PREPROCESSOR_DEFINITIONS = (
					"DEBUG=1",
					"$(inherited)",
				);
				GCC_WARN_64_TO_32_BIT_CONVERSION = YES;
				GCC_WARN_ABOUT_RETURN_TYPE = YES_ERROR;
				GCC_WARN_UNDECLARED_SELECTOR = YES;
				GCC_WARN_UNINITIALIZED_AUTOS = YES_AGGRESSIVE;
				GCC_WARN_UNUSED_FUNCTION = YES;
				GCC_WARN_UNUSED_VARIABLE = YES;
				IPHONEOS_DEPLOYMENT_TARGET = 14.3;
				MTL_ENABLE_DEBUG_INFO = INCLUDE_SOURCE;
				MTL_FAST_MATH = YES;
				ONLY_ACTIVE_ARCH = YES;
				SDKROOT = iphoneos;
				SWIFT_ACTIVE_COMPILATION_CONDITIONS = DEBUG;
				SWIFT_OPTIMIZATION_LEVEL = "-Onone";
			};
			name = Debug;
		};
		666B844125A0CE6C008AA366 /* Release */ = {
			isa = XCBuildConfiguration;
			buildSettings = {
				ALWAYS_SEARCH_USER_PATHS = NO;
				CLANG_ANALYZER_NONNULL = YES;
				CLANG_ANALYZER_NUMBER_OBJECT_CONVERSION = YES_AGGRESSIVE;
				CLANG_CXX_LANGUAGE_STANDARD = "gnu++14";
				CLANG_CXX_LIBRARY = "libc++";
				CLANG_ENABLE_MODULES = YES;
				CLANG_ENABLE_OBJC_ARC = YES;
				CLANG_ENABLE_OBJC_WEAK = YES;
				CLANG_WARN_BLOCK_CAPTURE_AUTORELEASING = YES;
				CLANG_WARN_BOOL_CONVERSION = YES;
				CLANG_WARN_COMMA = YES;
				CLANG_WARN_CONSTANT_CONVERSION = YES;
				CLANG_WARN_DEPRECATED_OBJC_IMPLEMENTATIONS = YES;
				CLANG_WARN_DIRECT_OBJC_ISA_USAGE = YES_ERROR;
				CLANG_WARN_DOCUMENTATION_COMMENTS = YES;
				CLANG_WARN_EMPTY_BODY = YES;
				CLANG_WARN_ENUM_CONVERSION = YES;
				CLANG_WARN_INFINITE_RECURSION = YES;
				CLANG_WARN_INT_CONVERSION = YES;
				CLANG_WARN_NON_LITERAL_NULL_CONVERSION = YES;
				CLANG_WARN_OBJC_IMPLICIT_RETAIN_SELF = YES;
				CLANG_WARN_OBJC_LITERAL_CONVERSION = YES;
				CLANG_WARN_OBJC_ROOT_CLASS = YES_ERROR;
				CLANG_WARN_QUOTED_INCLUDE_IN_FRAMEWORK_HEADER = YES;
				CLANG_WARN_RANGE_LOOP_ANALYSIS = YES;
				CLANG_WARN_STRICT_PROTOTYPES = YES;
				CLANG_WARN_SUSPICIOUS_MOVE = YES;
				CLANG_WARN_UNGUARDED_AVAILABILITY = YES_AGGRESSIVE;
				CLANG_WARN_UNREACHABLE_CODE = YES;
				CLANG_WARN__DUPLICATE_METHOD_MATCH = YES;
				COPY_PHASE_STRIP = NO;
				DEBUG_INFORMATION_FORMAT = "dwarf-with-dsym";
				ENABLE_NS_ASSERTIONS = NO;
				ENABLE_STRICT_OBJC_MSGSEND = YES;
				GCC_C_LANGUAGE_STANDARD = gnu11;
				GCC_NO_COMMON_BLOCKS = YES;
				GCC_WARN_64_TO_32_BIT_CONVERSION = YES;
				GCC_WARN_ABOUT_RETURN_TYPE = YES_ERROR;
				GCC_WARN_UNDECLARED_SELECTOR = YES;
				GCC_WARN_UNINITIALIZED_AUTOS = YES_AGGRESSIVE;
				GCC_WARN_UNUSED_FUNCTION = YES;
				GCC_WARN_UNUSED_VARIABLE = YES;
				IPHONEOS_DEPLOYMENT_TARGET = 14.3;
				MTL_ENABLE_DEBUG_INFO = NO;
				MTL_FAST_MATH = YES;
				SDKROOT = iphoneos;
				SWIFT_COMPILATION_MODE = wholemodule;
				SWIFT_OPTIMIZATION_LEVEL = "-O";
				VALIDATE_PRODUCT = YES;
			};
			name = Release;
		};
		666B844325A0CE6C008AA366 /* Debug */ = {
			isa = XCBuildConfiguration;
			buildSettings = {
				ASSETCATALOG_COMPILER_APPICON_NAME = AppIcon;
				ASSETCATALOG_COMPILER_GLOBAL_ACCENT_COLOR_NAME = AccentColor;
				CODE_SIGN_STYLE = Automatic;
				DEVELOPMENT_ASSET_PATHS = "\"MinimalWeather/Preview Content\"";
				DEVELOPMENT_TEAM = 4M73CDEYFS;
				ENABLE_PREVIEWS = YES;
				INFOPLIST_FILE = MinimalWeather/Info.plist;
				IPHONEOS_DEPLOYMENT_TARGET = 14.0;
				LD_RUNPATH_SEARCH_PATHS = (
					"$(inherited)",
					"@executable_path/Frameworks",
				);
				PRODUCT_BUNDLE_IDENTIFIER = com.dnovovic.MinimalWeather;
				PRODUCT_NAME = "$(TARGET_NAME)";
				SWIFT_VERSION = 5.0;
				TARGETED_DEVICE_FAMILY = "1,2";
			};
			name = Debug;
		};
		666B844425A0CE6C008AA366 /* Release */ = {
			isa = XCBuildConfiguration;
			buildSettings = {
				ASSETCATALOG_COMPILER_APPICON_NAME = AppIcon;
				ASSETCATALOG_COMPILER_GLOBAL_ACCENT_COLOR_NAME = AccentColor;
				CODE_SIGN_STYLE = Automatic;
				DEVELOPMENT_ASSET_PATHS = "\"MinimalWeather/Preview Content\"";
				DEVELOPMENT_TEAM = 4M73CDEYFS;
				ENABLE_PREVIEWS = YES;
				INFOPLIST_FILE = MinimalWeather/Info.plist;
				IPHONEOS_DEPLOYMENT_TARGET = 14.0;
				LD_RUNPATH_SEARCH_PATHS = (
					"$(inherited)",
					"@executable_path/Frameworks",
				);
				PRODUCT_BUNDLE_IDENTIFIER = com.dnovovic.MinimalWeather;
				PRODUCT_NAME = "$(TARGET_NAME)";
				SWIFT_VERSION = 5.0;
				TARGETED_DEVICE_FAMILY = "1,2";
			};
			name = Release;
		};
		666B844625A0CE6C008AA366 /* Debug */ = {
			isa = XCBuildConfiguration;
			buildSettings = {
				ALWAYS_EMBED_SWIFT_STANDARD_LIBRARIES = YES;
				BUNDLE_LOADER = "$(TEST_HOST)";
				CODE_SIGN_STYLE = Automatic;
				DEVELOPMENT_TEAM = 4M73CDEYFS;
				INFOPLIST_FILE = MinimalWeatherTests/Info.plist;
				IPHONEOS_DEPLOYMENT_TARGET = 14.0;
				LD_RUNPATH_SEARCH_PATHS = (
					"$(inherited)",
					"@executable_path/Frameworks",
					"@loader_path/Frameworks",
				);
				PRODUCT_BUNDLE_IDENTIFIER = com.dnovovic.MinimalWeatherTests;
				PRODUCT_NAME = "$(TARGET_NAME)";
				SWIFT_VERSION = 5.0;
				TARGETED_DEVICE_FAMILY = "1,2";
				TEST_HOST = "$(BUILT_PRODUCTS_DIR)/MinimalWeather.app/MinimalWeather";
			};
			name = Debug;
		};
		666B844725A0CE6C008AA366 /* Release */ = {
			isa = XCBuildConfiguration;
			buildSettings = {
				ALWAYS_EMBED_SWIFT_STANDARD_LIBRARIES = YES;
				BUNDLE_LOADER = "$(TEST_HOST)";
				CODE_SIGN_STYLE = Automatic;
				DEVELOPMENT_TEAM = 4M73CDEYFS;
				INFOPLIST_FILE = MinimalWeatherTests/Info.plist;
				IPHONEOS_DEPLOYMENT_TARGET = 14.0;
				LD_RUNPATH_SEARCH_PATHS = (
					"$(inherited)",
					"@executable_path/Frameworks",
					"@loader_path/Frameworks",
				);
				PRODUCT_BUNDLE_IDENTIFIER = com.dnovovic.MinimalWeatherTests;
				PRODUCT_NAME = "$(TARGET_NAME)";
				SWIFT_VERSION = 5.0;
				TARGETED_DEVICE_FAMILY = "1,2";
				TEST_HOST = "$(BUILT_PRODUCTS_DIR)/MinimalWeather.app/MinimalWeather";
			};
			name = Release;
		};
		666B844925A0CE6C008AA366 /* Debug */ = {
			isa = XCBuildConfiguration;
			buildSettings = {
				ALWAYS_EMBED_SWIFT_STANDARD_LIBRARIES = YES;
				CODE_SIGN_STYLE = Automatic;
				DEVELOPMENT_TEAM = 4M73CDEYFS;
				INFOPLIST_FILE = MinimalWeatherUITests/Info.plist;
				LD_RUNPATH_SEARCH_PATHS = (
					"$(inherited)",
					"@executable_path/Frameworks",
					"@loader_path/Frameworks",
				);
				PRODUCT_BUNDLE_IDENTIFIER = com.dnovovic.MinimalWeatherUITests;
				PRODUCT_NAME = "$(TARGET_NAME)";
				SWIFT_VERSION = 5.0;
				TARGETED_DEVICE_FAMILY = "1,2";
				TEST_TARGET_NAME = MinimalWeather;
			};
			name = Debug;
		};
		666B844A25A0CE6C008AA366 /* Release */ = {
			isa = XCBuildConfiguration;
			buildSettings = {
				ALWAYS_EMBED_SWIFT_STANDARD_LIBRARIES = YES;
				CODE_SIGN_STYLE = Automatic;
				DEVELOPMENT_TEAM = 4M73CDEYFS;
				INFOPLIST_FILE = MinimalWeatherUITests/Info.plist;
				LD_RUNPATH_SEARCH_PATHS = (
					"$(inherited)",
					"@executable_path/Frameworks",
					"@loader_path/Frameworks",
				);
				PRODUCT_BUNDLE_IDENTIFIER = com.dnovovic.MinimalWeatherUITests;
				PRODUCT_NAME = "$(TARGET_NAME)";
				SWIFT_VERSION = 5.0;
				TARGETED_DEVICE_FAMILY = "1,2";
				TEST_TARGET_NAME = MinimalWeather;
			};
			name = Release;
		};
/* End XCBuildConfiguration section */

/* Begin XCConfigurationList section */
		666B841825A0CE6A008AA366 /* Build configuration list for PBXProject "MinimalWeather" */ = {
			isa = XCConfigurationList;
			buildConfigurations = (
				666B844025A0CE6C008AA366 /* Debug */,
				666B844125A0CE6C008AA366 /* Release */,
			);
			defaultConfigurationIsVisible = 0;
			defaultConfigurationName = Release;
		};
		666B844225A0CE6C008AA366 /* Build configuration list for PBXNativeTarget "MinimalWeather" */ = {
			isa = XCConfigurationList;
			buildConfigurations = (
				666B844325A0CE6C008AA366 /* Debug */,
				666B844425A0CE6C008AA366 /* Release */,
			);
			defaultConfigurationIsVisible = 0;
			defaultConfigurationName = Release;
		};
		666B844525A0CE6C008AA366 /* Build configuration list for PBXNativeTarget "MinimalWeatherTests" */ = {
			isa = XCConfigurationList;
			buildConfigurations = (
				666B844625A0CE6C008AA366 /* Debug */,
				666B844725A0CE6C008AA366 /* Release */,
			);
			defaultConfigurationIsVisible = 0;
			defaultConfigurationName = Release;
		};
		666B844825A0CE6C008AA366 /* Build configuration list for PBXNativeTarget "MinimalWeatherUITests" */ = {
			isa = XCConfigurationList;
			buildConfigurations = (
				666B844925A0CE6C008AA366 /* Debug */,
				666B844A25A0CE6C008AA366 /* Release */,
			);
			defaultConfigurationIsVisible = 0;
			defaultConfigurationName = Release;
		};
/* End XCConfigurationList section */
	};
	rootObject = 666B841525A0CE6A008AA366 /* Project object */;
}
